PODS:
  - Alamofire (4.7.2)
  - AlamofireImage (3.3.1):
    - Alamofire (~> 4.5)
  - AlamofireNetworkActivityIndicator (2.2.1):
    - Alamofire (~> 4.7)
  - BPStatusBarAlert (0.1.5)
  - Crashlytics (3.10.1):
    - Fabric (~> 1.7.5)
  - DTPagerController (2.0.0)
  - Fabric (1.7.6)
  - FaceAware (1.2.0)
  - Firebase/Auth (4.13.0):
    - Firebase/Core
    - FirebaseAuth (= 4.6.1)
  - Firebase/Core (4.13.0):
    - FirebaseAnalytics (= 4.2.0)
    - FirebaseCore (= 4.0.20)
  - Firebase/Database (4.13.0):
    - Firebase/Core
    - FirebaseDatabase (= 4.1.5)
  - Firebase/Messaging (4.13.0):
    - Firebase/Core
    - FirebaseMessaging (= 2.2.0)
  - Firebase/Storage (4.13.0):
    - Firebase/Core
    - FirebaseStorage (= 2.2.0)
  - FirebaseAnalytics (4.2.0):
    - FirebaseCore (~> 4.0)
    - FirebaseInstanceID (~> 2.0)
    - GoogleToolboxForMac/NSData+zlib (~> 2.1)
    - nanopb (~> 0.3)
  - FirebaseAuth (4.6.1):
    - FirebaseAnalytics (~> 4.2)
    - GoogleToolboxForMac/NSDictionary+URLArguments (~> 2.1)
    - GTMSessionFetcher/Core (~> 1.1)
  - FirebaseCore (4.0.20):
    - GoogleToolboxForMac/NSData+zlib (~> 2.1)
  - FirebaseDatabase (4.1.5):
    - FirebaseAnalytics (~> 4.1)
    - FirebaseCore (~> 4.0)
    - leveldb-library (~> 1.18)
  - FirebaseInstanceID (2.0.10):
    - FirebaseCore (~> 4.0)
  - FirebaseMessaging (2.2.0):
    - FirebaseAnalytics (~> 4.1)
    - FirebaseCore (~> 4.0)
    - FirebaseInstanceID (~> 2.0)
    - GoogleToolboxForMac/Logger (~> 2.1)
    - Protobuf (~> 3.5)
  - FirebaseStorage (2.2.0):
    - FirebaseAnalytics (~> 4.1)
    - FirebaseCore (~> 4.0)
    - GTMSessionFetcher/Core (~> 1.1)
  - GeoFire (2.0.1):
    - Firebase/Database (~> 4.0)
  - GoogleMaps (2.7.0):
    - GoogleMaps/Maps (= 2.7.0)
  - GoogleMaps/Base (2.7.0)
  - GoogleMaps/Maps (2.7.0):
    - GoogleMaps/Base
  - GooglePlacePicker (2.7.0):
    - GoogleMaps (= 2.7.0)
    - GooglePlaces (= 2.7.0)
  - GooglePlaces (2.7.0):
    - GoogleMaps/Base (= 2.7.0)
  - GoogleToolboxForMac/DebugUtils (2.1.4):
    - GoogleToolboxForMac/Defines (= 2.1.4)
  - GoogleToolboxForMac/Defines (2.1.4)
  - GoogleToolboxForMac/Logger (2.1.4):
    - GoogleToolboxForMac/Defines (= 2.1.4)
  - GoogleToolboxForMac/NSData+zlib (2.1.4):
    - GoogleToolboxForMac/Defines (= 2.1.4)
  - GoogleToolboxForMac/NSDictionary+URLArguments (2.1.4):
    - GoogleToolboxForMac/DebugUtils (= 2.1.4)
    - GoogleToolboxForMac/Defines (= 2.1.4)
    - GoogleToolboxForMac/NSString+URLArguments (= 2.1.4)
  - GoogleToolboxForMac/NSString+URLArguments (2.1.4)
  - GTMSessionFetcher/Core (1.1.15)
  - IGListKit (3.4.0):
    - IGListKit/Default (= 3.4.0)
  - IGListKit/Default (3.4.0):
    - IGListKit/Diffing
  - IGListKit/Diffing (3.4.0)
  - IQKeyboardManagerSwift (6.0.3)
  - JTAppleCalendar (7.1.5)
  - leveldb-library (1.20)
  - MarqueeLabel/Swift (3.1.4)
  - nanopb (0.3.8):
    - nanopb/decode (= 0.3.8)
    - nanopb/encode (= 0.3.8)
  - nanopb/decode (0.3.8)
  - nanopb/encode (0.3.8)
  - NotificationBannerSwift (1.6.3):
    - MarqueeLabel/Swift
    - SnapKit (~> 4.0)
  - Protobuf (3.5.0)
  - RecordButton (1.0.2)
  - RevealingSplashView (0.5.0)
  - SimpleImageViewer (1.1.1)
  - SnapKit (4.0.0)
  - SVProgressHUD (2.2.5)
  - SwiftLocation (3.2.3):
    - SwiftyJSON (~> 4.0.0-alpha.1)
  - SwiftVideoGenerator (1.1.6)
  - SwiftyCam (2.7.0)
  - SwiftyJSON (4.0.0)
  - SwipeCellKit (2.3.2)
  - TextFieldEffects (1.4.0)

DEPENDENCIES:
  - Alamofire
  - AlamofireImage
  - AlamofireNetworkActivityIndicator
  - BPStatusBarAlert
  - Crashlytics
  - DTPagerController
  - Fabric
  - FaceAware
  - Firebase/Auth
  - Firebase/Core
  - Firebase/Database
  - Firebase/Messaging
  - Firebase/Storage
  - GeoFire (from `https://github.com/firebase/geofire-objc.git`)
  - GoogleMaps
  - GooglePlacePicker
  - GooglePlaces
  - IGListKit (from `https://github.com/Instagram/IGListKit.git`, branch `master`)
  - IQKeyboardManagerSwift
  - JTAppleCalendar (from `https://github.com/patchthecode/JTAppleCalendar.git`, branch `master`)
  - NotificationBannerSwift
  - RecordButton
  - RevealingSplashView
  - SimpleImageViewer (~> 1.1.1)
  - SVProgressHUD
  - SwiftLocation
  - SwiftVideoGenerator
  - SwiftyCam (from `https://github.com/Awalz/SwiftyCam.git`, branch `Swift4`)
  - SwiftyJSON
  - SwipeCellKit
  - TextFieldEffects

EXTERNAL SOURCES:
  GeoFire:
    :git: https://github.com/firebase/geofire-objc.git
  IGListKit:
    :branch: master
    :git: https://github.com/Instagram/IGListKit.git
  JTAppleCalendar:
    :branch: master
    :git: https://github.com/patchthecode/JTAppleCalendar.git
  SwiftyCam:
    :branch: Swift4
    :git: https://github.com/Awalz/SwiftyCam.git

CHECKOUT OPTIONS:
  GeoFire:
    :commit: dc408bcd4268cc5ec8831cda0000c23863767d42
    :git: https://github.com/firebase/geofire-objc.git
  IGListKit:
    :commit: b4c8ea180f3bbda8b7995da758fbec58bf7214a8
    :git: https://github.com/Instagram/IGListKit.git
  JTAppleCalendar:
    :commit: b6f4518302ae48dd6160b7b366cbd86e9b769b22
    :git: https://github.com/patchthecode/JTAppleCalendar.git
  SwiftyCam:
    :commit: 85d713d643159cda72db2f3e230777af50cded94
    :git: https://github.com/Awalz/SwiftyCam.git

SPEC CHECKSUMS:
  Alamofire: e4fa87002c137ba2d8d634d2c51fabcda0d5c223
  AlamofireImage: 3b35b586853abaf94ca1250f4e94cff3c21a4c0d
  AlamofireNetworkActivityIndicator: aeac50e6ecb78ec71a5f1f29098bcf4ec2962910
  BPStatusBarAlert: 0bc567e3a0f740189239f49c6c516bd61cb3c758
  Crashlytics: aee1a064cbbf99b32efa3f056a5f458d846bc8ff
  DTPagerController: 19006ac502beea17dc08a54980a12da659f13292
  Fabric: f8d42c893bb187326a7968b62abe55c36a987a46
  FaceAware: 421436f9d16aacdb26ffcf8e5a39a1dd68630395
  Firebase: 5ec5e863d269d82d66b4bf56856726f8fb8f0fb3
  FirebaseAnalytics: 7ef69e76a5142f643aeb47c780e1cdce4e23632e
  FirebaseAuth: bf22cacf22c60ab454bf2636f556d8892b10b53f
  FirebaseCore: 90cb1c53d69b556f112a1bf72b5fcfaad7650790
  FirebaseDatabase: 5f0bc6134c5c237cf55f9e1249d406770a75eafd
  FirebaseInstanceID: 8d20d890d65c917f9f7d9950b6e10a760ad34321
  FirebaseMessaging: 75cdb862e86c30e0913a2ff307e48d49357c5b73
  FirebaseStorage: 0c223481c8f89ed300cf1239ddd2d9833622c65f
  GeoFire: 3e70a24019dc16816190f533c9cac0d1321c4a71
  GoogleMaps: f79af95cb24d869457b1f961c93d3ce8b2f3b848
  GooglePlacePicker: 59ea44db173c58486ad6123993e81feefcbce9c3
  GooglePlaces: 3d06e6c99654545b4738ce49648745779c25f2ef
  GoogleToolboxForMac: 91c824d21e85b31c2aae9bb011c5027c9b4e738f
  GTMSessionFetcher: 5fa5b80fd20e439ef5f545fb2cb3ca6c6714caa2
  IGListKit: 7a5d788e9fb746bcd402baa8e8b24bc3bd2a5a07
  IQKeyboardManagerSwift: 04e8679f85e496bb2c474eeb9284052f1b3c391c
  JTAppleCalendar: df0df2b055ba4c6d5940ef4f40a0f4270ea021ac
  leveldb-library: 08cba283675b7ed2d99629a4bc5fd052cd2bb6a5
  MarqueeLabel: bf768455fe88d427f71476ebb23f9092b660f40b
  nanopb: 5601e6bca2dbf1ed831b519092ec110f66982ca3
  NotificationBannerSwift: b231e4c3244848ef300e1c53ce027b9756b9b06f
  Protobuf: 8a9838fba8dae3389230e1b7f8c104aa32389c03
  RecordButton: 76677be0f4b94f8a387454a23b4b64bd9b6c0e51
  RevealingSplashView: 0794eecad3a8983ac11a1fe474e9a9b51b926780
  SimpleImageViewer: 34c3a2cde2d9ac022146772cefc27fca14b0c8b1
  SnapKit: a42d492c16e80209130a3379f73596c3454b7694
  SVProgressHUD: 1428aafac632c1f86f62aa4243ec12008d7a51d6
  SwiftLocation: a3c3bc2023118171ef3572188a31def94aa0892c
  SwiftVideoGenerator: cc01213d03fcea0fd030c05a3b504a3883109e55
  SwiftyCam: 7c826b73a5b208677aee29390582c771bf748661
  SwiftyJSON: 070dabdcb1beb81b247c65ffa3a79dbbfb3b48aa
  SwipeCellKit: 52b160ea820245eb972b2eca270cb3a6f68e33af
  TextFieldEffects: 4ee41b5216e674d55fb6ac25107bf1af7629176f

PODFILE CHECKSUM: dfe34f17947f5ed937af3e55265c8be02460cf9d

COCOAPODS: 1.4.0
